{
  "nodes": {
    "flake-utils": {
      "locked": {
        "lastModified": 1667395993,
        "narHash": "sha256-nuEHfE/LcWyuSWnS8t12N1wc105Qtau+/OdUAjtQ0rA=",
        "owner": "numtide",
        "repo": "flake-utils",
        "rev": "5aed5285a952e0b949eb3ba02c12fa4fcfef535f",
        "type": "github"
      },
      "original": {
        "owner": "numtide",
        "repo": "flake-utils",
        "type": "github"
      }
    },
    "flake-utils_2": {
      "locked": {
        "lastModified": 1667395993,
        "narHash": "sha256-nuEHfE/LcWyuSWnS8t12N1wc105Qtau+/OdUAjtQ0rA=",
        "owner": "numtide",
        "repo": "flake-utils",
        "rev": "5aed5285a952e0b949eb3ba02c12fa4fcfef535f",
        "type": "github"
      },
      "original": {
        "owner": "numtide",
        "repo": "flake-utils",
        "type": "github"
      }
    },
    "flake-utils_3": {
      "locked": {
        "lastModified": 1667395993,
        "narHash": "sha256-nuEHfE/LcWyuSWnS8t12N1wc105Qtau+/OdUAjtQ0rA=",
        "owner": "numtide",
        "repo": "flake-utils",
        "rev": "5aed5285a952e0b949eb3ba02c12fa4fcfef535f",
        "type": "github"
      },
      "original": {
        "owner": "numtide",
        "repo": "flake-utils",
        "type": "github"
      }
    },
    "gitignore": {
      "inputs": {
        "nixpkgs": [
          "nixpkgs"
        ]
      },
      "locked": {
        "lastModified": 1660459072,
        "narHash": "sha256-8DFJjXG8zqoONA1vXtgeKXy68KdJL5UaXR8NtVMUbx8=",
        "owner": "hercules-ci",
        "repo": "gitignore.nix",
        "rev": "a20de23b925fd8264fd7fad6454652e142fd7f73",
        "type": "github"
      },
      "original": {
        "owner": "hercules-ci",
        "repo": "gitignore.nix",
        "type": "github"
      }
    },
    "handlebars_spec": {
      "inputs": {
        "flake-utils": "flake-utils_2",
        "nixpkgs": [
          "nixpkgs"
        ]
      },
      "locked": {
        "lastModified": 1669575861,
        "narHash": "sha256-zBvuDrq6EPkwVgtE7dNeITJPE+cJPSq39Vmf0ZK8Suc=",
        "owner": "jbboehr",
        "repo": "handlebars-spec",
        "rev": "289859aba16bc9e63d5b05ce176b777cb67700dc",
        "type": "github"
      },
      "original": {
        "owner": "jbboehr",
        "repo": "handlebars-spec",
        "type": "github"
      }
    },
    "mustache_spec": {
      "inputs": {
        "flake-utils": "flake-utils_3",
        "nixpkgs": [
          "nixpkgs"
        ]
      },
      "locked": {
        "lastModified": 1669505557,
        "narHash": "sha256-kYsxjpZruLDzJCT9wYFvUFQshHkQqF9jMeXu1ZTo6XU=",
        "owner": "jbboehr",
        "repo": "mustache-spec",
        "rev": "18cca097c306e8cbfd9f6a30f86a52f4c1d219e4",
        "type": "github"
      },
      "original": {
        "owner": "jbboehr",
        "repo": "mustache-spec",
        "type": "github"
      }
    },
    "nixpkgs": {
      "locked": {
        "lastModified": 1669577022,
        "narHash": "sha256-jpz6HMOWRY1JYo057MEJrvG2ZDr3PO7L4awQcsdbus8=",
        "owner": "nixos",
        "repo": "nixpkgs",
        "rev": "9222c4747903b25ef4fec831f9e0e75b252cf1e4",
        "type": "github"
      },
      "original": {
        "owner": "nixos",
        "repo": "nixpkgs",
        "type": "github"
      }
    },
    "root": {
      "inputs": {
        "flake-utils": "flake-utils",
        "gitignore": "gitignore",
        "handlebars_spec": "handlebars_spec",
        "mustache_spec": "mustache_spec",
        "nixpkgs": "nixpkgs"
      }
    }
  },
  "root": "root",
  "version": 7
}
