{
  "nodes": {
    "flake-utils": {
      "locked": {
        "lastModified": 1667395993,
        "narHash": "sha256-nuEHfE/LcWyuSWnS8t12N1wc105Qtau+/OdUAjtQ0rA=",
        "owner": "numtide",
        "repo": "flake-utils",
        "rev": "5aed5285a952e0b949eb3ba02c12fa4fcfef535f",
        "type": "github"
      },
      "original": {
        "owner": "numtide",
        "repo": "flake-utils",
        "type": "github"
      }
    },
    "flake-utils_2": {
      "locked": {
        "lastModified": 1667395993,
        "narHash": "sha256-nuEHfE/LcWyuSWnS8t12N1wc105Qtau+/OdUAjtQ0rA=",
        "owner": "numtide",
        "repo": "flake-utils",
        "rev": "5aed5285a952e0b949eb3ba02c12fa4fcfef535f",
        "type": "github"
      },
      "original": {
        "owner": "numtide",
        "repo": "flake-utils",
        "type": "github"
      }
    },
    "flake-utils_3": {
      "locked": {
        "lastModified": 1667395993,
        "narHash": "sha256-nuEHfE/LcWyuSWnS8t12N1wc105Qtau+/OdUAjtQ0rA=",
        "owner": "numtide",
        "repo": "flake-utils",
        "rev": "5aed5285a952e0b949eb3ba02c12fa4fcfef535f",
        "type": "github"
      },
      "original": {
        "owner": "numtide",
        "repo": "flake-utils",
        "type": "github"
      }
    },
    "gitignore": {
      "inputs": {
        "nixpkgs": [
          "nixpkgs"
        ]
      },
      "locked": {
        "lastModified": 1660459072,
        "narHash": "sha256-8DFJjXG8zqoONA1vXtgeKXy68KdJL5UaXR8NtVMUbx8=",
        "owner": "hercules-ci",
        "repo": "gitignore.nix",
        "rev": "a20de23b925fd8264fd7fad6454652e142fd7f73",
        "type": "github"
      },
      "original": {
        "owner": "hercules-ci",
        "repo": "gitignore.nix",
        "type": "github"
      }
    },
    "handlebars_spec": {
      "inputs": {
        "flake-utils": "flake-utils_2",
        "nixpkgs": "nixpkgs"
      },
      "locked": {
        "lastModified": 1669513725,
        "narHash": "sha256-P1UnNZo5mx9lH9eFCQP5xh4+QwWqDmebcosakW3SiSQ=",
        "owner": "jbboehr",
        "repo": "handlebars-spec",
        "rev": "0b630c7e5db95822d5adc53d4036749ddc139bf4",
        "type": "github"
      },
      "original": {
        "owner": "jbboehr",
        "repo": "handlebars-spec",
        "type": "github"
      }
    },
    "mustache_spec": {
      "inputs": {
        "flake-utils": "flake-utils_3",
        "nixpkgs": "nixpkgs_2"
      },
      "locked": {
        "lastModified": 1669505557,
        "narHash": "sha256-kYsxjpZruLDzJCT9wYFvUFQshHkQqF9jMeXu1ZTo6XU=",
        "owner": "jbboehr",
        "repo": "mustache-spec",
        "rev": "18cca097c306e8cbfd9f6a30f86a52f4c1d219e4",
        "type": "github"
      },
      "original": {
        "owner": "jbboehr",
        "repo": "mustache-spec",
        "type": "github"
      }
    },
    "nixpkgs": {
      "locked": {
        "lastModified": 1669509558,
        "narHash": "sha256-WKNzBq+s8Mc3LPr7cYGD/nwLcvxefdtX3cbo9LKgMQM=",
        "owner": "nixos",
        "repo": "nixpkgs",
        "rev": "d0c86410e9de76506056de2bad9d9565feca5034",
        "type": "github"
      },
      "original": {
        "owner": "nixos",
        "repo": "nixpkgs",
        "type": "github"
      }
    },
    "nixpkgs_2": {
      "locked": {
        "lastModified": 1669499201,
        "narHash": "sha256-Lg28Hi4dnBmA11OH9+MDWTbkem4Qnz1Ep//V3DQ+Fnc=",
        "owner": "nixos",
        "repo": "nixpkgs",
        "rev": "b863103eaff9d092602963838e9c22a45bb8a30d",
        "type": "github"
      },
      "original": {
        "owner": "nixos",
        "repo": "nixpkgs",
        "type": "github"
      }
    },
    "nixpkgs_3": {
      "locked": {
        "lastModified": 1669513872,
        "narHash": "sha256-H6e/nSXZSIO0rX4FvoUhJ6IKuUdqwro1Dmncgkl20y0=",
        "owner": "nixos",
        "repo": "nixpkgs",
        "rev": "5923e69233630b5d6ef8493bfaeb27833a118479",
        "type": "github"
      },
      "original": {
        "owner": "nixos",
        "repo": "nixpkgs",
        "type": "github"
      }
    },
    "root": {
      "inputs": {
        "flake-utils": "flake-utils",
        "gitignore": "gitignore",
        "handlebars_spec": "handlebars_spec",
        "mustache_spec": "mustache_spec",
        "nixpkgs": "nixpkgs_3"
      }
    }
  },
  "root": "root",
  "version": 7
}
